
Microsoft Visual Studio Solution File, Format Version 12.00
# Visual Studio Version 17
VisualStudioVersion = 17.4.33213.308
MinimumVisualStudioVersion = 10.0.40219.1
Project("{FAE04EC0-301F-11D3-BF4B-00C04F79EFBC}") = "ISM 4300 Fifth Deliverable", "ISM 4300 Fifth Deliverable.csproj", "{2727D771-0425-4D0F-AC5C-3F33EC2F2B07}"
EndProject
Global
	GlobalSection(SolutionConfigurationPlatforms) = preSolution
		Debug|Any CPU = Debug|Any CPU
		Release|Any CPU = Release|Any CPU
	EndGlobalSection
	GlobalSection(ProjectConfigurationPlatforms) = postSolution
		{2727D771-0425-4D0F-AC5C-3F33EC2F2B07}.Debug|Any CPU.ActiveCfg = Debug|Any CPU
		{2727D771-0425-4D0F-AC5C-3F33EC2F2B07}.Debug|Any CPU.Build.0 = Debug|Any CPU
		{2727D771-0425-4D0F-AC5C-3F33EC2F2B07}.Release|Any CPU.ActiveCfg = Release|Any CPU
		{2727D771-0425-4D0F-AC5C-3F33EC2F2B07}.Release|Any CPU.Build.0 = Release|Any CPU
	EndGlobalSection
	GlobalSection(SolutionProperties) = preSolution
		HideSolutionNode = FALSE
	EndGlobalSection
	GlobalSection(ExtensibilityGlobals) = postSolution
		SolutionGuid = {4EADA300-CEF2-45ED-8529-7CD6D15FED84}
	EndGlobalSection
EndGlobal
